Microsoft Visual Studio Solution File, Format Version 12.00
# Visual Studio Version 17
VisualStudioVersion = 17.13.35931.197
MinimumVisualStudioVersion = 10.0.40219.1
Project("{FAE04EC0-301F-11D3-BF4B-00C04F79EFBC}") = "RemoteFactoryCSLA", "RemoteFactoryCSLA\RemoteFactoryCSLA.csproj", "{3C06FA47-02D8-4EE5-AD40-F5AD80DAF83B}"
EndProject
Project("{2150E333-8FDC-42A3-9474-1A3956D46DE8}") = "Solution Items", "Solution Items", "{8EC462FD-D22E-90A8-E5CE-7E832BA40C5D}"
	ProjectSection(SolutionItems) = preProject
		README.md = README.md
	EndProjectSection
EndProject
Project("{FAE04EC0-301F-11D3-BF4B-00C04F79EFBC}") = "RemoteFactoryCSLA.Tests", "RemoteFactoryCSLA.Tests\RemoteFactoryCSLA.Tests.csproj", "{3B35A9E0-083A-4353-B9E5-C827E4EFEF89}"
EndProject
Global
	GlobalSection(SolutionConfigurationPlatforms) = preSolution
		Debug|Any CPU = Debug|Any CPU
		Release|Any CPU = Release|Any CPU
	EndGlobalSection
	GlobalSection(ProjectConfigurationPlatforms) = postSolution
		{3C06FA47-02D8-4EE5-AD40-F5AD80DAF83B}.Debug|Any CPU.ActiveCfg = Debug|Any CPU
		{3C06FA47-02D8-4EE5-AD40-F5AD80DAF83B}.Debug|Any CPU.Build.0 = Debug|Any CPU
		{3C06FA47-02D8-4EE5-AD40-F5AD80DAF83B}.Release|Any CPU.ActiveCfg = Release|Any CPU
		{3C06FA47-02D8-4EE5-AD40-F5AD80DAF83B}.Release|Any CPU.Build.0 = Release|Any CPU
		{3B35A9E0-083A-4353-B9E5-C827E4EFEF89}.Debug|Any CPU.ActiveCfg = Debug|Any CPU
		{3B35A9E0-083A-4353-B9E5-C827E4EFEF89}.Debug|Any CPU.Build.0 = Debug|Any CPU
		{3B35A9E0-083A-4353-B9E5-C827E4EFEF89}.Release|Any CPU.ActiveCfg = Release|Any CPU
		{3B35A9E0-083A-4353-B9E5-C827E4EFEF89}.Release|Any CPU.Build.0 = Release|Any CPU
	EndGlobalSection
	GlobalSection(SolutionProperties) = preSolution
		HideSolutionNode = FALSE
	EndGlobalSection
	GlobalSection(ExtensibilityGlobals) = postSolution
		SolutionGuid = {D6DEA2EC-2553-48BF-8D0F-7BE3E6B0DF96}
	EndGlobalSection
EndGlobal
